// !$*UTF8*$!
{
	archiveVersion = 1;
	classes = {
	};
	objectVersion = 46;
	objects = {

/* Begin PBXBuildFile section */
		0A16A890CA746E9994DF55D4 /* Pods_SimpleAutoLayoutExample.framework in Frameworks */ = {isa = PBXBuildFile; fileRef = B1B6767BA647F40B74BC296D /* Pods_SimpleAutoLayoutExample.framework */; };
		39FBEE701CBB5F9F0038F312 /* AppDelegate.swift in Sources */ = {isa = PBXBuildFile; fileRef = 39FBEE6F1CBB5F9F0038F312 /* AppDelegate.swift */; };
		39FBEE721CBB5F9F0038F312 /* ViewController.swift in Sources */ = {isa = PBXBuildFile; fileRef = 39FBEE711CBB5F9F0038F312 /* ViewController.swift */; };
		39FBEE751CBB5F9F0038F312 /* Main.storyboard in Resources */ = {isa = PBXBuildFile; fileRef = 39FBEE731CBB5F9F0038F312 /* Main.storyboard */; };
		39FBEE771CBB5F9F0038F312 /* Assets.xcassets in Resources */ = {isa = PBXBuildFile; fileRef = 39FBEE761CBB5F9F0038F312 /* Assets.xcassets */; };
		39FBEE7A1CBB5F9F0038F312 /* LaunchScreen.storyboard in Resources */ = {isa = PBXBuildFile; fileRef = 39FBEE781CBB5F9F0038F312 /* LaunchScreen.storyboard */; };
		39FBEE851CBB5F9F0038F312 /* SimpleAutoLayoutExampleTests.swift in Sources */ = {isa = PBXBuildFile; fileRef = 39FBEE841CBB5F9F0038F312 /* SimpleAutoLayoutExampleTests.swift */; };
		39FBEE901CBB5F9F0038F312 /* SimpleAutoLayoutExampleUITests.swift in Sources */ = {isa = PBXBuildFile; fileRef = 39FBEE8F1CBB5F9F0038F312 /* SimpleAutoLayoutExampleUITests.swift */; };
		39FBEE9E1CBB622C0038F312 /* Helper.swift in Sources */ = {isa = PBXBuildFile; fileRef = 39FBEE9D1CBB622C0038F312 /* Helper.swift */; };
		65850A71CEC6639F2510CDC2 /* Pods_SimpleAutoLayoutExampleUITests.framework in Frameworks */ = {isa = PBXBuildFile; fileRef = A92E5B9664C0E6ADEEC707AD /* Pods_SimpleAutoLayoutExampleUITests.framework */; };
		C84D9B104B97C9021A440A7E /* Pods_SimpleAutoLayoutExampleTests.framework in Frameworks */ = {isa = PBXBuildFile; fileRef = A4F8D53D4728BE34A566EF36 /* Pods_SimpleAutoLayoutExampleTests.framework */; };
/* End PBXBuildFile section */

/* Begin PBXContainerItemProxy section */
		39FBEE811CBB5F9F0038F312 /* PBXContainerItemProxy */ = {
			isa = PBXContainerItemProxy;
			containerPortal = 39FBEE641CBB5F9F0038F312 /* Project object */;
			proxyType = 1;
			remoteGlobalIDString = 39FBEE6B1CBB5F9F0038F312;
			remoteInfo = SimpleAutoLayoutExample;
		};
		39FBEE8C1CBB5F9F0038F312 /* PBXContainerItemProxy */ = {
			isa = PBXContainerItemProxy;
			containerPortal = 39FBEE641CBB5F9F0038F312 /* Project object */;
			proxyType = 1;
			remoteGlobalIDString = 39FBEE6B1CBB5F9F0038F312;
			remoteInfo = SimpleAutoLayoutExample;
		};
/* End PBXContainerItemProxy section */

/* Begin PBXFileReference section */
		359E36D52E1CC0ED8CE27DB1 /* Pods-SimpleAutoLayoutExample.debug.xcconfig */ = {isa = PBXFileReference; includeInIndex = 1; lastKnownFileType = text.xcconfig; name = "Pods-SimpleAutoLayoutExample.debug.xcconfig"; path = "Pods/Target Support Files/Pods-SimpleAutoLayoutExample/Pods-SimpleAutoLayoutExample.debug.xcconfig"; sourceTree = "<group>"; };
		39FBEE6C1CBB5F9F0038F312 /* SimpleAutoLayoutExample.app */ = {isa = PBXFileReference; explicitFileType = wrapper.application; includeInIndex = 0; path = SimpleAutoLayoutExample.app; sourceTree = BUILT_PRODUCTS_DIR; };
		39FBEE6F1CBB5F9F0038F312 /* AppDelegate.swift */ = {isa = PBXFileReference; lastKnownFileType = sourcecode.swift; path = AppDelegate.swift; sourceTree = "<group>"; };
		39FBEE711CBB5F9F0038F312 /* ViewController.swift */ = {isa = PBXFileReference; lastKnownFileType = sourcecode.swift; path = ViewController.swift; sourceTree = "<group>"; };
		39FBEE741CBB5F9F0038F312 /* Base */ = {isa = PBXFileReference; lastKnownFileType = file.storyboard; name = Base; path = Base.lproj/Main.storyboard; sourceTree = "<group>"; };
		39FBEE761CBB5F9F0038F312 /* Assets.xcassets */ = {isa = PBXFileReference; lastKnownFileType = folder.assetcatalog; path = Assets.xcassets; sourceTree = "<group>"; };
		39FBEE791CBB5F9F0038F312 /* Base */ = {isa = PBXFileReference; lastKnownFileType = file.storyboard; name = Base; path = Base.lproj/LaunchScreen.storyboard; sourceTree = "<group>"; };
		39FBEE7B1CBB5F9F0038F312 /* Info.plist */ = {isa = PBXFileReference; lastKnownFileType = text.plist.xml; path = Info.plist; sourceTree = "<group>"; };
		39FBEE801CBB5F9F0038F312 /* SimpleAutoLayoutExampleTests.xctest */ = {isa = PBXFileReference; explicitFileType = wrapper.cfbundle; includeInIndex = 0; path = SimpleAutoLayoutExampleTests.xctest; sourceTree = BUILT_PRODUCTS_DIR; };
		39FBEE841CBB5F9F0038F312 /* SimpleAutoLayoutExampleTests.swift */ = {isa = PBXFileReference; lastKnownFileType = sourcecode.swift; path = SimpleAutoLayoutExampleTests.swift; sourceTree = "<group>"; };
		39FBEE861CBB5F9F0038F312 /* Info.plist */ = {isa = PBXFileReference; lastKnownFileType = text.plist.xml; path = Info.plist; sourceTree = "<group>"; };
		39FBEE8B1CBB5F9F0038F312 /* SimpleAutoLayoutExampleUITests.xctest */ = {isa = PBXFileReference; explicitFileType = wrapper.cfbundle; includeInIndex = 0; path = SimpleAutoLayoutExampleUITests.xctest; sourceTree = BUILT_PRODUCTS_DIR; };
		39FBEE8F1CBB5F9F0038F312 /* SimpleAutoLayoutExampleUITests.swift */ = {isa = PBXFileReference; lastKnownFileType = sourcecode.swift; path = SimpleAutoLayoutExampleUITests.swift; sourceTree = "<group>"; };
		39FBEE911CBB5F9F0038F312 /* Info.plist */ = {isa = PBXFileReference; lastKnownFileType = text.plist.xml; path = Info.plist; sourceTree = "<group>"; };
		39FBEE9D1CBB622C0038F312 /* Helper.swift */ = {isa = PBXFileReference; fileEncoding = 4; lastKnownFileType = sourcecode.swift; path = Helper.swift; sourceTree = "<group>"; };
		41F85C0B53D1B8A9DA82FAD9 /* Pods-SimpleAutoLayoutExampleTests.debug.xcconfig */ = {isa = PBXFileReference; includeInIndex = 1; lastKnownFileType = text.xcconfig; name = "Pods-SimpleAutoLayoutExampleTests.debug.xcconfig"; path = "Pods/Target Support Files/Pods-SimpleAutoLayoutExampleTests/Pods-SimpleAutoLayoutExampleTests.debug.xcconfig"; sourceTree = "<group>"; };
		929F60FD0EE269FCCD6667AA /* Pods-SimpleAutoLayoutExample.release.xcconfig */ = {isa = PBXFileReference; includeInIndex = 1; lastKnownFileType = text.xcconfig; name = "Pods-SimpleAutoLayoutExample.release.xcconfig"; path = "Pods/Target Support Files/Pods-SimpleAutoLayoutExample/Pods-SimpleAutoLayoutExample.release.xcconfig"; sourceTree = "<group>"; };
		A4F8D53D4728BE34A566EF36 /* Pods_SimpleAutoLayoutExampleTests.framework */ = {isa = PBXFileReference; explicitFileType = wrapper.framework; includeInIndex = 0; path = Pods_SimpleAutoLayoutExampleTests.framework; sourceTree = BUILT_PRODUCTS_DIR; };
		A92E5B9664C0E6ADEEC707AD /* Pods_SimpleAutoLayoutExampleUITests.framework */ = {isa = PBXFileReference; explicitFileType = wrapper.framework; includeInIndex = 0; path = Pods_SimpleAutoLayoutExampleUITests.framework; sourceTree = BUILT_PRODUCTS_DIR; };
		ACD6437B3186CB84F5153E3C /* Pods-SimpleAutoLayoutExampleTests.release.xcconfig */ = {isa = PBXFileReference; includeInIndex = 1; lastKnownFileType = text.xcconfig; name = "Pods-SimpleAutoLayoutExampleTests.release.xcconfig"; path = "Pods/Target Support Files/Pods-SimpleAutoLayoutExampleTests/Pods-SimpleAutoLayoutExampleTests.release.xcconfig"; sourceTree = "<group>"; };
		B1B6767BA647F40B74BC296D /* Pods_SimpleAutoLayoutExample.framework */ = {isa = PBXFileReference; explicitFileType = wrapper.framework; includeInIndex = 0; path = Pods_SimpleAutoLayoutExample.framework; sourceTree = BUILT_PRODUCTS_DIR; };
		B27DC94E550C12AAFB4CD3F0 /* Pods-SimpleAutoLayoutExampleUITests.release.xcconfig */ = {isa = PBXFileReference; includeInIndex = 1; lastKnownFileType = text.xcconfig; name = "Pods-SimpleAutoLayoutExampleUITests.release.xcconfig"; path = "Pods/Target Support Files/Pods-SimpleAutoLayoutExampleUITests/Pods-SimpleAutoLayoutExampleUITests.release.xcconfig"; sourceTree = "<group>"; };
		C08F270B605EDB4CA9F16B1E /* Pods-SimpleAutoLayoutExampleUITests.debug.xcconfig */ = {isa = PBXFileReference; includeInIndex = 1; lastKnownFileType = text.xcconfig; name = "Pods-SimpleAutoLayoutExampleUITests.debug.xcconfig"; path = "Pods/Target Support Files/Pods-SimpleAutoLayoutExampleUITests/Pods-SimpleAutoLayoutExampleUITests.debug.xcconfig"; sourceTree = "<group>"; };
/* End PBXFileReference section */

/* Begin PBXFrameworksBuildPhase section */
		39FBEE691CBB5F9F0038F312 /* Frameworks */ = {
			isa = PBXFrameworksBuildPhase;
			buildActionMask = 2147483647;
			files = (
				0A16A890CA746E9994DF55D4 /* Pods_SimpleAutoLayoutExample.framework in Frameworks */,
			);
			runOnlyForDeploymentPostprocessing = 0;
		};
		39FBEE7D1CBB5F9F0038F312 /* Frameworks */ = {
			isa = PBXFrameworksBuildPhase;
			buildActionMask = 2147483647;
			files = (
				C84D9B104B97C9021A440A7E /* Pods_SimpleAutoLayoutExampleTests.framework in Frameworks */,
			);
			runOnlyForDeploymentPostprocessing = 0;
		};
		39FBEE881CBB5F9F0038F312 /* Frameworks */ = {
			isa = PBXFrameworksBuildPhase;
			buildActionMask = 2147483647;
			files = (
				65850A71CEC6639F2510CDC2 /* Pods_SimpleAutoLayoutExampleUITests.framework in Frameworks */,
			);
			runOnlyForDeploymentPostprocessing = 0;
		};
/* End PBXFrameworksBuildPhase section */

/* Begin PBXGroup section */
		0888B10DD8AB8C1BB4F3EF25 /* Frameworks */ = {
			isa = PBXGroup;
			children = (
				B1B6767BA647F40B74BC296D /* Pods_SimpleAutoLayoutExample.framework */,
				A4F8D53D4728BE34A566EF36 /* Pods_SimpleAutoLayoutExampleTests.framework */,
				A92E5B9664C0E6ADEEC707AD /* Pods_SimpleAutoLayoutExampleUITests.framework */,
			);
			name = Frameworks;
			sourceTree = "<group>";
		};
		39FBEE631CBB5F9F0038F312 = {
			isa = PBXGroup;
			children = (
				39FBEE6E1CBB5F9F0038F312 /* SimpleAutoLayoutExample */,
				39FBEE831CBB5F9F0038F312 /* SimpleAutoLayoutExampleTests */,
				39FBEE8E1CBB5F9F0038F312 /* SimpleAutoLayoutExampleUITests */,
				39FBEE6D1CBB5F9F0038F312 /* Products */,
				3F3B626117DB9B537AA159AE /* Pods */,
				0888B10DD8AB8C1BB4F3EF25 /* Frameworks */,
			);
			sourceTree = "<group>";
		};
		39FBEE6D1CBB5F9F0038F312 /* Products */ = {
			isa = PBXGroup;
			children = (
				39FBEE6C1CBB5F9F0038F312 /* SimpleAutoLayoutExample.app */,
				39FBEE801CBB5F9F0038F312 /* SimpleAutoLayoutExampleTests.xctest */,
				39FBEE8B1CBB5F9F0038F312 /* SimpleAutoLayoutExampleUITests.xctest */,
			);
			name = Products;
			sourceTree = "<group>";
		};
		39FBEE6E1CBB5F9F0038F312 /* SimpleAutoLayoutExample */ = {
			isa = PBXGroup;
			children = (
				39FBEE6F1CBB5F9F0038F312 /* AppDelegate.swift */,
				39FBEE711CBB5F9F0038F312 /* ViewController.swift */,
				39FBEE9D1CBB622C0038F312 /* Helper.swift */,
				39FBEE731CBB5F9F0038F312 /* Main.storyboard */,
				39FBEE761CBB5F9F0038F312 /* Assets.xcassets */,
				39FBEE781CBB5F9F0038F312 /* LaunchScreen.storyboard */,
				39FBEE7B1CBB5F9F0038F312 /* Info.plist */,
			);
			path = SimpleAutoLayoutExample;
			sourceTree = "<group>";
		};
		39FBEE831CBB5F9F0038F312 /* SimpleAutoLayoutExampleTests */ = {
			isa = PBXGroup;
			children = (
				39FBEE841CBB5F9F0038F312 /* SimpleAutoLayoutExampleTests.swift */,
				39FBEE861CBB5F9F0038F312 /* Info.plist */,
			);
			path = SimpleAutoLayoutExampleTests;
			sourceTree = "<group>";
		};
		39FBEE8E1CBB5F9F0038F312 /* SimpleAutoLayoutExampleUITests */ = {
			isa = PBXGroup;
			children = (
				39FBEE8F1CBB5F9F0038F312 /* SimpleAutoLayoutExampleUITests.swift */,
				39FBEE911CBB5F9F0038F312 /* Info.plist */,
			);
			path = SimpleAutoLayoutExampleUITests;
			sourceTree = "<group>";
		};
		3F3B626117DB9B537AA159AE /* Pods */ = {
			isa = PBXGroup;
			children = (
				359E36D52E1CC0ED8CE27DB1 /* Pods-SimpleAutoLayoutExample.debug.xcconfig */,
				929F60FD0EE269FCCD6667AA /* Pods-SimpleAutoLayoutExample.release.xcconfig */,
				41F85C0B53D1B8A9DA82FAD9 /* Pods-SimpleAutoLayoutExampleTests.debug.xcconfig */,
				ACD6437B3186CB84F5153E3C /* Pods-SimpleAutoLayoutExampleTests.release.xcconfig */,
				C08F270B605EDB4CA9F16B1E /* Pods-SimpleAutoLayoutExampleUITests.debug.xcconfig */,
				B27DC94E550C12AAFB4CD3F0 /* Pods-SimpleAutoLayoutExampleUITests.release.xcconfig */,
			);
			name = Pods;
			sourceTree = "<group>";
		};
/* End PBXGroup section */

/* Begin PBXNativeTarget section */
		39FBEE6B1CBB5F9F0038F312 /* SimpleAutoLayoutExample */ = {
			isa = PBXNativeTarget;
			buildConfigurationList = 39FBEE941CBB5F9F0038F312 /* Build configuration list for PBXNativeTarget "SimpleAutoLayoutExample" */;
			buildPhases = (
				EA53A83011C99A04EB35AB3B /* [CP] Check Pods Manifest.lock */,
				39FBEE681CBB5F9F0038F312 /* Sources */,
				39FBEE691CBB5F9F0038F312 /* Frameworks */,
				39FBEE6A1CBB5F9F0038F312 /* Resources */,
				8C1C09D1A9AF4335703690A4 /* [CP] Embed Pods Frameworks */,
			);
			buildRules = (
			);
			dependencies = (
			);
			name = SimpleAutoLayoutExample;
			productName = SimpleAutoLayoutExample;
			productReference = 39FBEE6C1CBB5F9F0038F312 /* SimpleAutoLayoutExample.app */;
			productType = "com.apple.product-type.application";
		};
		39FBEE7F1CBB5F9F0038F312 /* SimpleAutoLayoutExampleTests */ = {
			isa = PBXNativeTarget;
			buildConfigurationList = 39FBEE971CBB5F9F0038F312 /* Build configuration list for PBXNativeTarget "SimpleAutoLayoutExampleTests" */;
			buildPhases = (
				E50CCC03765E7A06017917BF /* [CP] Check Pods Manifest.lock */,
				39FBEE7C1CBB5F9F0038F312 /* Sources */,
				39FBEE7D1CBB5F9F0038F312 /* Frameworks */,
				39FBEE7E1CBB5F9F0038F312 /* Resources */,
			);
			buildRules = (
			);
			dependencies = (
				39FBEE821CBB5F9F0038F312 /* PBXTargetDependency */,
			);
			name = SimpleAutoLayoutExampleTests;
			productName = SimpleAutoLayoutExampleTests;
			productReference = 39FBEE801CBB5F9F0038F312 /* SimpleAutoLayoutExampleTests.xctest */;
			productType = "com.apple.product-type.bundle.unit-test";
		};
		39FBEE8A1CBB5F9F0038F312 /* SimpleAutoLayoutExampleUITests */ = {
			isa = PBXNativeTarget;
			buildConfigurationList = 39FBEE9A1CBB5F9F0038F312 /* Build configuration list for PBXNativeTarget "SimpleAutoLayoutExampleUITests" */;
			buildPhases = (
				191969CF741D5FF5B790BAAC /* [CP] Check Pods Manifest.lock */,
				39FBEE871CBB5F9F0038F312 /* Sources */,
				39FBEE881CBB5F9F0038F312 /* Frameworks */,
				39FBEE891CBB5F9F0038F312 /* Resources */,
			);
			buildRules = (
			);
			dependencies = (
				39FBEE8D1CBB5F9F0038F312 /* PBXTargetDependency */,
			);
			name = SimpleAutoLayoutExampleUITests;
			productName = SimpleAutoLayoutExampleUITests;
			productReference = 39FBEE8B1CBB5F9F0038F312 /* SimpleAutoLayoutExampleUITests.xctest */;
			productType = "com.apple.product-type.bundle.ui-testing";
		};
/* End PBXNativeTarget section */

/* Begin PBXProject section */
		39FBEE641CBB5F9F0038F312 /* Project object */ = {
			isa = PBXProject;
			attributes = {
				LastSwiftUpdateCheck = 0730;
				LastUpgradeCheck = 1010;
				ORGANIZATIONNAME = "Bao Lei";
				TargetAttributes = {
					39FBEE6B1CBB5F9F0038F312 = {
						CreatedOnToolsVersion = 7.3;
						LastSwiftMigration = 1010;
					};
					39FBEE7F1CBB5F9F0038F312 = {
						CreatedOnToolsVersion = 7.3;
						LastSwiftMigration = 1010;
						TestTargetID = 39FBEE6B1CBB5F9F0038F312;
					};
					39FBEE8A1CBB5F9F0038F312 = {
						CreatedOnToolsVersion = 7.3;
						LastSwiftMigration = 1010;
						TestTargetID = 39FBEE6B1CBB5F9F0038F312;
					};
				};
			};
			buildConfigurationList = 39FBEE671CBB5F9F0038F312 /* Build configuration list for PBXProject "SimpleAutoLayoutExample" */;
			compatibilityVersion = "Xcode 3.2";
			developmentRegion = English;
			hasScannedForEncodings = 0;
			knownRegions = (
				en,
				Base,
			);
			mainGroup = 39FBEE631CBB5F9F0038F312;
			productRefGroup = 39FBEE6D1CBB5F9F0038F312 /* Products */;
			projectDirPath = "";
			projectRoot = "";
			targets = (
				39FBEE6B1CBB5F9F0038F312 /* SimpleAutoLayoutExample */,
				39FBEE7F1CBB5F9F0038F312 /* SimpleAutoLayoutExampleTests */,
				39FBEE8A1CBB5F9F0038F312 /* SimpleAutoLayoutExampleUITests */,
			);
		};
/* End PBXProject section */

/* Begin PBXResourcesBuildPhase section */
		39FBEE6A1CBB5F9F0038F312 /* Resources */ = {
			isa = PBXResourcesBuildPhase;
			buildActionMask = 2147483647;
			files = (
				39FBEE7A1CBB5F9F0038F312 /* LaunchScreen.storyboard in Resources */,
				39FBEE771CBB5F9F0038F312 /* Assets.xcassets in Resources */,
				39FBEE751CBB5F9F0038F312 /* Main.storyboard in Resources */,
			);
			runOnlyForDeploymentPostprocessing = 0;
		};
		39FBEE7E1CBB5F9F0038F312 /* Resources */ = {
			isa = PBXResourcesBuildPhase;
			buildActionMask = 2147483647;
			files = (
			);
			runOnlyForDeploymentPostprocessing = 0;
		};
		39FBEE891CBB5F9F0038F312 /* Resources */ = {
			isa = PBXResourcesBuildPhase;
			buildActionMask = 2147483647;
			files = (
			);
			runOnlyForDeploymentPostprocessing = 0;
		};
/* End PBXResourcesBuildPhase section */

/* Begin PBXShellScriptBuildPhase section */
		191969CF741D5FF5B790BAAC /* [CP] Check Pods Manifest.lock */ = {
			isa = PBXShellScriptBuildPhase;
			buildActionMask = 2147483647;
			files = (
			);
			inputPaths = (
				"${PODS_PODFILE_DIR_PATH}/Podfile.lock",
				"${PODS_ROOT}/Manifest.lock",
			);
			name = "[CP] Check Pods Manifest.lock";
			outputPaths = (
				"$(DERIVED_FILE_DIR)/Pods-SimpleAutoLayoutExampleUITests-checkManifestLockResult.txt",
			);
			runOnlyForDeploymentPostprocessing = 0;
			shellPath = /bin/sh;
			shellScript = "diff \"${PODS_PODFILE_DIR_PATH}/Podfile.lock\" \"${PODS_ROOT}/Manifest.lock\" > /dev/null\nif [ $? != 0 ] ; then\n    # print error to STDERR\n    echo \"error: The sandbox is not in sync with the Podfile.lock. Run 'pod install' or update your CocoaPods installation.\" >&2\n    exit 1\nfi\n# This output is used by Xcode 'outputs' to avoid re-running this script phase.\necho \"SUCCESS\" > \"${SCRIPT_OUTPUT_FILE_0}\"\n";
			showEnvVarsInLog = 0;
		};
		8C1C09D1A9AF4335703690A4 /* [CP] Embed Pods Frameworks */ = {
			isa = PBXShellScriptBuildPhase;
			buildActionMask = 2147483647;
			files = (
			);
			inputPaths = (
				"${SRCROOT}/Pods/Target Support Files/Pods-SimpleAutoLayoutExample/Pods-SimpleAutoLayoutExample-frameworks.sh",
				"${BUILT_PRODUCTS_DIR}/SimpleAutoLayout/SimpleAutoLayout.framework",
			);
			name = "[CP] Embed Pods Frameworks";
			outputPaths = (
				"${TARGET_BUILD_DIR}/${FRAMEWORKS_FOLDER_PATH}/SimpleAutoLayout.framework",
			);
			runOnlyForDeploymentPostprocessing = 0;
			shellPath = /bin/sh;
			shellScript = "\"${SRCROOT}/Pods/Target Support Files/Pods-SimpleAutoLayoutExample/Pods-SimpleAutoLayoutExample-frameworks.sh\"\n";
			showEnvVarsInLog = 0;
		};
		E50CCC03765E7A06017917BF /* [CP] Check Pods Manifest.lock */ = {
			isa = PBXShellScriptBuildPhase;
			buildActionMask = 2147483647;
			files = (
			);
			inputPaths = (
				"${PODS_PODFILE_DIR_PATH}/Podfile.lock",
				"${PODS_ROOT}/Manifest.lock",
			);
			name = "[CP] Check Pods Manifest.lock";
			outputPaths = (
				"$(DERIVED_FILE_DIR)/Pods-SimpleAutoLayoutExampleTests-checkManifestLockResult.txt",
			);
			runOnlyForDeploymentPostprocessing = 0;
			shellPath = /bin/sh;
			shellScript = "diff \"${PODS_PODFILE_DIR_PATH}/Podfile.lock\" \"${PODS_ROOT}/Manifest.lock\" > /dev/null\nif [ $? != 0 ] ; then\n    # print error to STDERR\n    echo \"error: The sandbox is not in sync with the Podfile.lock. Run 'pod install' or update your CocoaPods installation.\" >&2\n    exit 1\nfi\n# This output is used by Xcode 'outputs' to avoid re-running this script phase.\necho \"SUCCESS\" > \"${SCRIPT_OUTPUT_FILE_0}\"\n";
			showEnvVarsInLog = 0;
		};
		EA53A83011C99A04EB35AB3B /* [CP] Check Pods Manifest.lock */ = {
			isa = PBXShellScriptBuildPhase;
			buildActionMask = 2147483647;
			files = (
			);
			inputPaths = (
				"${PODS_PODFILE_DIR_PATH}/Podfile.lock",
				"${PODS_ROOT}/Manifest.lock",
			);
			name = "[CP] Check Pods Manifest.lock";
			outputPaths = (
				"$(DERIVED_FILE_DIR)/Pods-SimpleAutoLayoutExample-checkManifestLockResult.txt",
			);
			runOnlyForDeploymentPostprocessing = 0;
			shellPath = /bin/sh;
			shellScript = "diff \"${PODS_PODFILE_DIR_PATH}/Podfile.lock\" \"${PODS_ROOT}/Manifest.lock\" > /dev/null\nif [ $? != 0 ] ; then\n    # print error to STDERR\n    echo \"error: The sandbox is not in sync with the Podfile.lock. Run 'pod install' or update your CocoaPods installation.\" >&2\n    exit 1\nfi\n# This output is used by Xcode 'outputs' to avoid re-running this script phase.\necho \"SUCCESS\" > \"${SCRIPT_OUTPUT_FILE_0}\"\n";
			showEnvVarsInLog = 0;
		};
/* End PBXShellScriptBuildPhase section */

/* Begin PBXSourcesBuildPhase section */
		39FBEE681CBB5F9F0038F312 /* Sources */ = {
			isa = PBXSourcesBuildPhase;
			buildActionMask = 2147483647;
			files = (
				39FBEE721CBB5F9F0038F312 /* ViewController.swift in Sources */,
				39FBEE701CBB5F9F0038F312 /* AppDelegate.swift in Sources */,
				39FBEE9E1CBB622C0038F312 /* Helper.swift in Sources */,
			);
			runOnlyForDeploymentPostprocessing = 0;
		};
		39FBEE7C1CBB5F9F0038F312 /* Sources */ = {
			isa = PBXSourcesBuildPhase;
			buildActionMask = 2147483647;
			files = (
				39FBEE851CBB5F9F0038F312 /* SimpleAutoLayoutExampleTests.swift in Sources */,
			);
			runOnlyForDeploymentPostprocessing = 0;
		};
		39FBEE871CBB5F9F0038F312 /* Sources */ = {
			isa = PBXSourcesBuildPhase;
			buildActionMask = 2147483647;
			files = (
				39FBEE901CBB5F9F0038F312 /* SimpleAutoLayoutExampleUITests.swift in Sources */,
			);
			runOnlyForDeploymentPostprocessing = 0;
		};
/* End PBXSourcesBuildPhase section */

/* Begin PBXTargetDependency section */
		39FBEE821CBB5F9F0038F312 /* PBXTargetDependency */ = {
			isa = PBXTargetDependency;
			target = 39FBEE6B1CBB5F9F0038F312 /* SimpleAutoLayoutExample */;
			targetProxy = 39FBEE811CBB5F9F0038F312 /* PBXContainerItemProxy */;
		};
		39FBEE8D1CBB5F9F0038F312 /* PBXTargetDependency */ = {
			isa = PBXTargetDependency;
			target = 39FBEE6B1CBB5F9F0038F312 /* SimpleAutoLayoutExample */;
			targetProxy = 39FBEE8C1CBB5F9F0038F312 /* PBXContainerItemProxy */;
		};
/* End PBXTargetDependency section */

/* Begin PBXVariantGroup section */
		39FBEE731CBB5F9F0038F312 /* Main.storyboard */ = {
			isa = PBXVariantGroup;
			children = (
				39FBEE741CBB5F9F0038F312 /* Base */,
			);
			name = Main.storyboard;
			sourceTree = "<group>";
		};
		39FBEE781CBB5F9F0038F312 /* LaunchScreen.storyboard */ = {
			isa = PBXVariantGroup;
			children = (
				39FBEE791CBB5F9F0038F312 /* Base */,
			);
			name = LaunchScreen.storyboard;
			sourceTree = "<group>";
		};
/* End PBXVariantGroup section */

/* Begin XCBuildConfiguration section */
		39FBEE921CBB5F9F0038F312 /* Debug */ = {
			isa = XCBuildConfiguration;
			buildSettings = {
				ALWAYS_SEARCH_USER_PATHS = NO;
				CLANG_ANALYZER_NONNULL = YES;
				CLANG_CXX_LANGUAGE_STANDARD = "gnu++0x";
				CLANG_CXX_LIBRARY = "libc++";
				CLANG_ENABLE_MODULES = YES;
				CLANG_ENABLE_OBJC_ARC = YES;
				CLANG_WARN_BLOCK_CAPTURE_AUTORELEASING = YES;
				CLANG_WARN_BOOL_CONVERSION = YES;
				CLANG_WARN_COMMA = YES;
				CLANG_WARN_CONSTANT_CONVERSION = YES;
				CLANG_WARN_DEPRECATED_OBJC_IMPLEMENTATIONS = YES;
				CLANG_WARN_DIRECT_OBJC_ISA_USAGE = YES_ERROR;
				CLANG_WARN_EMPTY_BODY = YES;
				CLANG_WARN_ENUM_CONVERSION = YES;
				CLANG_WARN_INFINITE_RECURSION = YES;
				CLANG_WARN_INT_CONVERSION = YES;
				CLANG_WARN_NON_LITERAL_NULL_CONVERSION = YES;
				CLANG_WARN_OBJC_IMPLICIT_RETAIN_SELF = YES;
				CLANG_WARN_OBJC_LITERAL_CONVERSION = YES;
				CLANG_WARN_OBJC_ROOT_CLASS = YES_ERROR;
				CLANG_WARN_RANGE_LOOP_ANALYSIS = YES;
				CLANG_WARN_STRICT_PROTOTYPES = YES;
				CLANG_WARN_SUSPICIOUS_MOVE = YES;
				CLANG_WARN_UNREACHABLE_CODE = YES;
				CLANG_WARN__DUPLICATE_METHOD_MATCH = YES;
				"CODE_SIGN_IDENTITY[sdk=iphoneos*]" = "iPhone Developer";
				COPY_PHASE_STRIP = NO;
				DEBUG_INFORMATION_FORMAT = dwarf;
				ENABLE_STRICT_OBJC_MSGSEND = YES;
				ENABLE_TESTABILITY = YES;
				GCC_C_LANGUAGE_STANDARD = gnu99;
				GCC_DYNAMIC_NO_PIC = NO;
				GCC_NO_COMMON_BLOCKS = YES;
				GCC_OPTIMIZATION_LEVEL = 0;
				GCC_PREPROCESSOR_DEFINITIONS = (
					"DEBUG=1",
					"$(inherited)",
				);
				GCC_WARN_64_TO_32_BIT_CONVERSION = YES;
				GCC_WARN_ABOUT_RETURN_TYPE = YES_ERROR;
				GCC_WARN_UNDECLARED_SELECTOR = YES;
				GCC_WARN_UNINITIALIZED_AUTOS = YES_AGGRESSIVE;
				GCC_WARN_UNUSED_FUNCTION = YES;
				GCC_WARN_UNUSED_VARIABLE = YES;
				IPHONEOS_DEPLOYMENT_TARGET = 9.3;
				MTL_ENABLE_DEBUG_INFO = YES;
				ONLY_ACTIVE_ARCH = YES;
				SDKROOT = iphoneos;
				SWIFT_OPTIMIZATION_LEVEL = "-Onone";
				TARGETED_DEVICE_FAMILY = "1,2";
			};
			name = Debug;
		};
		39FBEE931CBB5F9F0038F312 /* Release */ = {
			isa = XCBuildConfiguration;
			buildSettings = {
				ALWAYS_SEARCH_USER_PATHS = NO;
				CLANG_ANALYZER_NONNULL = YES;
				CLANG_CXX_LANGUAGE_STANDARD = "gnu++0x";
				CLANG_CXX_LIBRARY = "libc++";
				CLANG_ENABLE_MODULES = YES;
				CLANG_ENABLE_OBJC_ARC = YES;
				CLANG_WARN_BLOCK_CAPTURE_AUTORELEASING = YES;
				CLANG_WARN_BOOL_CONVERSION = YES;
				CLANG_WARN_COMMA = YES;
				CLANG_WARN_CONSTANT_CONVERSION = YES;
				CLANG_WARN_DEPRECATED_OBJC_IMPLEMENTATIONS = YES;
				CLANG_WARN_DIRECT_OBJC_ISA_USAGE = YES_ERROR;
				CLANG_WARN_EMPTY_BODY = YES;
				CLANG_WARN_ENUM_CONVERSION = YES;
				CLANG_WARN_INFINITE_RECURSION = YES;
				CLANG_WARN_INT_CONVERSION = YES;
				CLANG_WARN_NON_LITERAL_NULL_CONVERSION = YES;
				CLANG_WARN_OBJC_IMPLICIT_RETAIN_SELF = YES;
				CLANG_WARN_OBJC_LITERAL_CONVERSION = YES;
				CLANG_WARN_OBJC_ROOT_CLASS = YES_ERROR;
				CLANG_WARN_RANGE_LOOP_ANALYSIS = YES;
				CLANG_WARN_STRICT_PROTOTYPES = YES;
				CLANG_WARN_SUSPICIOUS_MOVE = YES;
				CLANG_WARN_UNREACHABLE_CODE = YES;
				CLANG_WARN__DUPLICATE_METHOD_MATCH = YES;
				"CODE_SIGN_IDENTITY[sdk=iphoneos*]" = "iPhone Developer";
				COPY_PHASE_STRIP = NO;
				DEBUG_INFORMATION_FORMAT = "dwarf-with-dsym";
				ENABLE_NS_ASSERTIONS = NO;
				ENABLE_STRICT_OBJC_MSGSEND = YES;
				GCC_C_LANGUAGE_STANDARD = gnu99;
				GCC_NO_COMMON_BLOCKS = YES;
				GCC_WARN_64_TO_32_BIT_CONVERSION = YES;
				GCC_WARN_ABOUT_RETURN_TYPE = YES_ERROR;
				GCC_WARN_UNDECLARED_SELECTOR = YES;
				GCC_WARN_UNINITIALIZED_AUTOS = YES_AGGRESSIVE;
				GCC_WARN_UNUSED_FUNCTION = YES;
				GCC_WARN_UNUSED_VARIABLE = YES;
				IPHONEOS_DEPLOYMENT_TARGET = 9.3;
				MTL_ENABLE_DEBUG_INFO = NO;
				SDKROOT = iphoneos;
				SWIFT_OPTIMIZATION_LEVEL = "-Owholemodule";
				TARGETED_DEVICE_FAMILY = "1,2";
				VALIDATE_PRODUCT = YES;
			};
			name = Release;
		};
		39FBEE951CBB5F9F0038F312 /* Debug */ = {
			isa = XCBuildConfiguration;
			baseConfigurationReference = 359E36D52E1CC0ED8CE27DB1 /* Pods-SimpleAutoLayoutExample.debug.xcconfig */;
			buildSettings = {
				ALWAYS_EMBED_SWIFT_STANDARD_LIBRARIES = YES;
				ASSETCATALOG_COMPILER_APPICON_NAME = AppIcon;
				INFOPLIST_FILE = SimpleAutoLayoutExample/Info.plist;
				LD_RUNPATH_SEARCH_PATHS = "$(inherited) @executable_path/Frameworks";
				PRODUCT_BUNDLE_IDENTIFIER = com.blei.SimpleAutoLayoutExample;
				PRODUCT_NAME = "$(TARGET_NAME)";
				SWIFT_SWIFT3_OBJC_INFERENCE = On;
				SWIFT_VERSION = 4.2;
			};
			name = Debug;
		};
		39FBEE961CBB5F9F0038F312 /* Release */ = {
			isa = XCBuildConfiguration;
			baseConfigurationReference = 929F60FD0EE269FCCD6667AA /* Pods-SimpleAutoLayoutExample.release.xcconfig */;
			buildSettings = {
				ALWAYS_EMBED_SWIFT_STANDARD_LIBRARIES = YES;
				ASSETCATALOG_COMPILER_APPICON_NAME = AppIcon;
				INFOPLIST_FILE = SimpleAutoLayoutExample/Info.plist;
				LD_RUNPATH_SEARCH_PATHS = "$(inherited) @executable_path/Frameworks";
				PRODUCT_BUNDLE_IDENTIFIER = com.blei.SimpleAutoLayoutExample;
				PRODUCT_NAME = "$(TARGET_NAME)";
				SWIFT_SWIFT3_OBJC_INFERENCE = On;
				SWIFT_VERSION = 4.2;
			};
			name = Release;
		};
		39FBEE981CBB5F9F0038F312 /* Debug */ = {
			isa = XCBuildConfiguration;
			baseConfigurationReference = 41F85C0B53D1B8A9DA82FAD9 /* Pods-SimpleAutoLayoutExampleTests.debug.xcconfig */;
			buildSettings = {
				BUNDLE_LOADER = "$(TEST_HOST)";
				INFOPLIST_FILE = SimpleAutoLayoutExampleTests/Info.plist;
				LD_RUNPATH_SEARCH_PATHS = "$(inherited) @executable_path/Frameworks @loader_path/Frameworks";
				PRODUCT_BUNDLE_IDENTIFIER = com.blei.SimpleAutoLayoutExampleTests;
				PRODUCT_NAME = "$(TARGET_NAME)";
				SWIFT_SWIFT3_OBJC_INFERENCE = On;
				SWIFT_VERSION = 4.2;
				TEST_HOST = "$(BUILT_PRODUCTS_DIR)/SimpleAutoLayoutExample.app/SimpleAutoLayoutExample";
			};
			name = Debug;
		};
		39FBEE991CBB5F9F0038F312 /* Release */ = {
			isa = XCBuildConfiguration;
			baseConfigurationReference = ACD6437B3186CB84F5153E3C /* Pods-SimpleAutoLayoutExampleTests.release.xcconfig */;
			buildSettings = {
				BUNDLE_LOADER = "$(TEST_HOST)";
				INFOPLIST_FILE = SimpleAutoLayoutExampleTests/Info.plist;
				LD_RUNPATH_SEARCH_PATHS = "$(inherited) @executable_path/Frameworks @loader_path/Frameworks";
				PRODUCT_BUNDLE_IDENTIFIER = com.blei.SimpleAutoLayoutExampleTests;
				PRODUCT_NAME = "$(TARGET_NAME)";
				SWIFT_SWIFT3_OBJC_INFERENCE = On;
				SWIFT_VERSION = 4.2;
				TEST_HOST = "$(BUILT_PRODUCTS_DIR)/SimpleAutoLayoutExample.app/SimpleAutoLayoutExample";
			};
			name = Release;
		};
		39FBEE9B1CBB5F9F0038F312 /* Debug */ = {
			isa = XCBuildConfiguration;
			baseConfigurationReference = C08F270B605EDB4CA9F16B1E /* Pods-SimpleAutoLayoutExampleUITests.debug.xcconfig */;
			buildSettings = {
				INFOPLIST_FILE = SimpleAutoLayoutExampleUITests/Info.plist;
				LD_RUNPATH_SEARCH_PATHS = "$(inherited) @executable_path/Frameworks @loader_path/Frameworks";
				PRODUCT_BUNDLE_IDENTIFIER = com.blei.SimpleAutoLayoutExampleUITests;
				PRODUCT_NAME = "$(TARGET_NAME)";
				SWIFT_SWIFT3_OBJC_INFERENCE = On;
				SWIFT_VERSION = 4.2;
				TEST_TARGET_NAME = SimpleAutoLayoutExample;
			};
			name = Debug;
		};
		39FBEE9C1CBB5F9F0038F312 /* Release */ = {
			isa = XCBuildConfiguration;
			baseConfigurationReference = B27DC94E550C12AAFB4CD3F0 /* Pods-SimpleAutoLayoutExampleUITests.release.xcconfig */;
			buildSettings = {
				INFOPLIST_FILE = SimpleAutoLayoutExampleUITests/Info.plist;
				LD_RUNPATH_SEARCH_PATHS = "$(inherited) @executable_path/Frameworks @loader_path/Frameworks";
				PRODUCT_BUNDLE_IDENTIFIER = com.blei.SimpleAutoLayoutExampleUITests;
				PRODUCT_NAME = "$(TARGET_NAME)";
				SWIFT_SWIFT3_OBJC_INFERENCE = On;
				SWIFT_VERSION = 4.2;
				TEST_TARGET_NAME = SimpleAutoLayoutExample;
			};
			name = Release;
		};
/* End XCBuildConfiguration section */

/* Begin XCConfigurationList section */
		39FBEE671CBB5F9F0038F312 /* Build configuration list for PBXProject "SimpleAutoLayoutExample" */ = {
			isa = XCConfigurationList;
			buildConfigurations = (
				39FBEE921CBB5F9F0038F312 /* Debug */,
				39FBEE931CBB5F9F0038F312 /* Release */,
			);
			defaultConfigurationIsVisible = 0;
			defaultConfigurationName = Release;
		};
		39FBEE941CBB5F9F0038F312 /* Build configuration list for PBXNativeTarget "SimpleAutoLayoutExample" */ = {
			isa = XCConfigurationList;
			buildConfigurations = (
				39FBEE951CBB5F9F0038F312 /* Debug */,
				39FBEE961CBB5F9F0038F312 /* Release */,
			);
			defaultConfigurationIsVisible = 0;
			defaultConfigurationName = Release;
		};
		39FBEE971CBB5F9F0038F312 /* Build configuration list for PBXNativeTarget "SimpleAutoLayoutExampleTests" */ = {
			isa = XCConfigurationList;
			buildConfigurations = (
				39FBEE981CBB5F9F0038F312 /* Debug */,
				39FBEE991CBB5F9F0038F312 /* Release */,
			);
			defaultConfigurationIsVisible = 0;
			defaultConfigurationName = Release;
		};
		39FBEE9A1CBB5F9F0038F312 /* Build configuration list for PBXNativeTarget "SimpleAutoLayoutExampleUITests" */ = {
			isa = XCConfigurationList;
			buildConfigurations = (
				39FBEE9B1CBB5F9F0038F312 /* Debug */,
				39FBEE9C1CBB5F9F0038F312 /* Release */,
			);
			defaultConfigurationIsVisible = 0;
			defaultConfigurationName = Release;
		};
/* End XCConfigurationList section */
	};
	rootObject = 39FBEE641CBB5F9F0038F312 /* Project object */;
}
